{
  "version": 4,
  "terraform_version": "1.15.8",
  "serial": 8,
  "lineage": "9a396fa4-06c7-cf0d-e08d-2b070d41ab27",
  "outputs": {
    "ecr_repository_arn": {
      "value": "arn:aws:ecr:us-east-1:737710549512:repository/my-aws-demo-app",
      "type": "string"
    },
    "ecr_repository_url": {
      "value": "737710549512.dkr.ecr.us-east-1.amazonaws.com/my-aws-demo-app",
      "type": "string"
    }
  },
  "resources": [
    {
      "mode": "managed",
      "type": "aws_ecr_lifecycle_policy",
      "name": "app_repo_policy",
      "provider": "provider[\"registry.terraform.io/hashicorp/aws\"]",
      "instances": [
        {
          "schema_version": 0,
          "attributes": {
            "id": "my-aws-demo-app",
            "policy": "{\"rules\":[{\"action\":{\"type\":\"expire\"},\"description\":\"Expire untagged images older than 14 days\",\"rulePriority\":1,\"selection\":{\"countNumber\":14,\"countType\":\"sinceImagePushed\",\"countUnit\":\"days\",\"tagStatus\":\"untagged\"}},{\"action\":{\"type\":\"expire\"},\"description\":\"Keep last 5 tagged images, expire older ones\",\"rulePriority\":2,\"selection\":{\"countNumber\":5,\"countType\":\"imageCountMoreThan\",\"tagPrefixList\":[\"latest\",\"v\"],\"tagStatus\":\"tagged\"}}]}",
            "registry_id": "737710549512",
            "repository": "my-aws-demo-app"
          },
          "sensitive_attributes": [],
          "identity_schema_version": 0,
          "private": "bnVsbA==",
          "dependencies": [
            "aws_ecr_repository.app_repo"
          ]
        }
      ]
    },
    {
      "mode": "managed",
      "type": "aws_ecr_repository",
      "name": "app_repo",
      "provider": "provider[\"registry.terraform.io/hashicorp/aws\"]",
      "instances": [
        {
          "schema_version": 0,
          "attributes": {
            "arn": "arn:aws:ecr:us-east-1:737710549512:repository/my-aws-demo-app",
            "encryption_configuration": [
              {
                "encryption_type": "AES256",
                "kms_key": ""
              }
            ],
            "force_delete": null,
            "id": "my-aws-demo-app",
            "image_scanning_configuration": [
              {
                "scan_on_push": true
              }
            ],
            "image_tag_mutability": "MUTABLE",
            "name": "my-aws-demo-app",
            "registry_id": "737710549512",
            "repository_url": "737710549512.dkr.ecr.us-east-1.amazonaws.com/my-aws-demo-app",
            "tags": {
              "Environment": "dev",
              "ManagedBy": "Terraform",
              "Project": "aws-demo-app"
            },
            "tags_all": {
              "Environment": "dev",
              "ManagedBy": "Terraform",
              "Project": "aws-demo-app"
            },
            "timeouts": null
          },
          "sensitive_attributes": [],
          "identity_schema_version": 0,
          "private": "eyJlMmJmYjczMC1lY2FhLTExZTYtOGY4OC0zNDM2M2JjN2M0YzAiOnsiZGVsZXRlIjoxMjAwMDAwMDAwMDAwfX0="
        }
      ]
    }
  ],
  "check_results": null
}
